// !$*UTF8*$!
{
	archiveVersion = 1;
	classes = {
	};
	objectVersion = 46;
	objects = {

/* Begin PBXFileReference section */
		01717EEA16100C7A00A7C56D /* mnwd */ = {isa = PBXFileReference; lastKnownFileType = folder; name = mnwd; path = ..; sourceTree = "<group>"; };
/* End PBXFileReference section */

/* Begin PBXGroup section */
		01717EE116100C6C00A7C56D = {
			isa = PBXGroup;
			children = (
				01717EEA16100C7A00A7C56D /* mnwd */,
			);
			sourceTree = "<group>";
		};
/* End PBXGroup section */

/* Begin PBXProject section */
		01717EE316100C6C00A7C56D /* Project object */ = {
			isa = PBXProject;
			attributes = {
				LastUpgradeCheck = 0450;
			};
			buildConfigurationList = 01717EE616100C6C00A7C56D /* Build configuration list for PBXProject "MNWD" */;
			compatibilityVersion = "Xcode 3.2";
			developmentRegion = English;
			hasScannedForEncodings = 0;
			knownRegions = (
				en,
			);
			mainGroup = 01717EE116100C6C00A7C56D;
			projectDirPath = "";
			projectRoot = "";
			targets = (
			);
		};
/* End PBXProject section */

/* Begin XCBuildConfiguration section */
		01717EE816100C6C00A7C56D /* Debug */ = {
			isa = XCBuildConfiguration;
			buildSettings = {
			};
			name = Debug;
		};
		01717EE916100C6C00A7C56D /* Release */ = {
			isa = XCBuildConfiguration;
			buildSettings = {
			};
			name = Release;
		};
/* End XCBuildConfiguration section */

/* Begin XCConfigurationList section */
		01717EE616100C6C00A7C56D /* Build configuration list for PBXProject "MNWD" */ = {
			isa = XCConfigurationList;
			buildConfigurations = (
				01717EE816100C6C00A7C56D /* Debug */,
				01717EE916100C6C00A7C56D /* Release */,
			);
			defaultConfigurationIsVisible = 0;
			defaultConfigurationName = Release;
		};
/* End XCConfigurationList section */
	};
	rootObject = 01717EE316100C6C00A7C56D /* Project object */;
}
